
Microsoft Visual Studio Solution File, Format Version 12.00
# Visual Studio Version 17
VisualStudioVersion = 17.8.34408.163
MinimumVisualStudioVersion = 10.0.40219.1
Project("{FAE04EC0-301F-11D3-BF4B-00C04F79EFBC}") = "OMTSAPPP", "OMTSAPPP\OMTSAPPP.csproj", "{8F378901-6DC9-4F23-842D-BBCCA53CABF4}"
EndProject
Global
	GlobalSection(SolutionConfigurationPlatforms) = preSolution
		Debug|Any CPU = Debug|Any CPU
		Release|Any CPU = Release|Any CPU
	EndGlobalSection
	GlobalSection(ProjectConfigurationPlatforms) = postSolution
		{8F378901-6DC9-4F23-842D-BBCCA53CABF4}.Debug|Any CPU.ActiveCfg = Debug|Any CPU
		{8F378901-6DC9-4F23-842D-BBCCA53CABF4}.Debug|Any CPU.Build.0 = Debug|Any CPU
		{8F378901-6DC9-4F23-842D-BBCCA53CABF4}.Release|Any CPU.ActiveCfg = Release|Any CPU
		{8F378901-6DC9-4F23-842D-BBCCA53CABF4}.Release|Any CPU.Build.0 = Release|Any CPU
	EndGlobalSection
	GlobalSection(SolutionProperties) = preSolution
		HideSolutionNode = FALSE
	EndGlobalSection
	GlobalSection(ExtensibilityGlobals) = postSolution
		SolutionGuid = {32EFA791-D80F-446B-BD8A-19DCFFDA4635}
	EndGlobalSection
EndGlobal
